
Microsoft Visual Studio Solution File, Format Version 12.00
# Visual Studio Version 17
VisualStudioVersion = 17.1.32328.378
MinimumVisualStudioVersion = 10.0.40219.1
Project("{9A19103F-16F7-4668-BE54-9A1E7A4F7556}") = "FoodService", "FoodDelivery\FoodService.csproj", "{C0A7C439-19B4-4781-9B97-5E9F7C3B04F1}"
EndProject
Project("{9A19103F-16F7-4668-BE54-9A1E7A4F7556}") = "UserService", "UserService\UserService.csproj", "{76B67747-CF28-443A-ADF4-D7ECECDBC139}"
EndProject
Project("{9A19103F-16F7-4668-BE54-9A1E7A4F7556}") = "OrderService", "OrderService\OrderService.csproj", "{569291BB-CB4F-4FFD-A42F-D31F1B0297E4}"
EndProject
Project("{E53339B2-1760-4266-BCC7-CA923CBCF16C}") = "docker-compose", "docker-compose.dcproj", "{42149964-7289-4030-86F6-8A1DDDB97B66}"
EndProject
Project("{FAE04EC0-301F-11D3-BF4B-00C04F79EFBC}") = "FoodDb", "FoodDb\FoodDb.csproj", "{69D0780E-EB2F-42C7-B14E-EF444B42C3DE}"
EndProject
Global
	GlobalSection(SolutionConfigurationPlatforms) = preSolution
		Debug|Any CPU = Debug|Any CPU
		Release|Any CPU = Release|Any CPU
	EndGlobalSection
	GlobalSection(ProjectConfigurationPlatforms) = postSolution
		{C0A7C439-19B4-4781-9B97-5E9F7C3B04F1}.Debug|Any CPU.ActiveCfg = Debug|Any CPU
		{C0A7C439-19B4-4781-9B97-5E9F7C3B04F1}.Debug|Any CPU.Build.0 = Debug|Any CPU
		{C0A7C439-19B4-4781-9B97-5E9F7C3B04F1}.Release|Any CPU.ActiveCfg = Release|Any CPU
		{C0A7C439-19B4-4781-9B97-5E9F7C3B04F1}.Release|Any CPU.Build.0 = Release|Any CPU
		{76B67747-CF28-443A-ADF4-D7ECECDBC139}.Debug|Any CPU.ActiveCfg = Debug|Any CPU
		{76B67747-CF28-443A-ADF4-D7ECECDBC139}.Debug|Any CPU.Build.0 = Debug|Any CPU
		{76B67747-CF28-443A-ADF4-D7ECECDBC139}.Release|Any CPU.ActiveCfg = Release|Any CPU
		{76B67747-CF28-443A-ADF4-D7ECECDBC139}.Release|Any CPU.Build.0 = Release|Any CPU
		{569291BB-CB4F-4FFD-A42F-D31F1B0297E4}.Debug|Any CPU.ActiveCfg = Debug|Any CPU
		{569291BB-CB4F-4FFD-A42F-D31F1B0297E4}.Debug|Any CPU.Build.0 = Debug|Any CPU
		{569291BB-CB4F-4FFD-A42F-D31F1B0297E4}.Release|Any CPU.ActiveCfg = Release|Any CPU
		{569291BB-CB4F-4FFD-A42F-D31F1B0297E4}.Release|Any CPU.Build.0 = Release|Any CPU
		{42149964-7289-4030-86F6-8A1DDDB97B66}.Debug|Any CPU.ActiveCfg = Debug|Any CPU
		{42149964-7289-4030-86F6-8A1DDDB97B66}.Debug|Any CPU.Build.0 = Debug|Any CPU
		{42149964-7289-4030-86F6-8A1DDDB97B66}.Release|Any CPU.ActiveCfg = Release|Any CPU
		{42149964-7289-4030-86F6-8A1DDDB97B66}.Release|Any CPU.Build.0 = Release|Any CPU
		{69D0780E-EB2F-42C7-B14E-EF444B42C3DE}.Debug|Any CPU.ActiveCfg = Debug|Any CPU
		{69D0780E-EB2F-42C7-B14E-EF444B42C3DE}.Debug|Any CPU.Build.0 = Debug|Any CPU
		{69D0780E-EB2F-42C7-B14E-EF444B42C3DE}.Release|Any CPU.ActiveCfg = Release|Any CPU
		{69D0780E-EB2F-42C7-B14E-EF444B42C3DE}.Release|Any CPU.Build.0 = Release|Any CPU
	EndGlobalSection
	GlobalSection(SolutionProperties) = preSolution
		HideSolutionNode = FALSE
	EndGlobalSection
	GlobalSection(ExtensibilityGlobals) = postSolution
		SolutionGuid = {3B1B2809-C81B-4999-A802-4533F1D989EE}
	EndGlobalSection
EndGlobal
